# This file is autogenerated, do not edit; changes may be undone by the next 'dep ensure'.


[[projects]]
  branch = "master"
  digest = "1:0dbce54f72f4f924f6782663a293b36548ed2e6a73f48e1837e35a41d2a60a75"
  name = "github.com/DataDog/datadog-agent"
  packages = [
    "pkg/collector/check/defaults",
    "pkg/config",
    "pkg/config/seelog",
    "pkg/secrets",
    "pkg/trace/atomic",
    "pkg/trace/config",
    "pkg/trace/event",
    "pkg/trace/flags",
    "pkg/trace/metrics",
    "pkg/trace/obfuscate",
    "pkg/trace/osutil",
    "pkg/trace/pb",
    "pkg/trace/sampler",
    "pkg/trace/stats",
    "pkg/trace/stats/quantile",
    "pkg/trace/traceutil",
    "pkg/trace/watchdog",
    "pkg/util/common",
    "pkg/util/executable",
    "pkg/util/http",
    "pkg/util/log",
    "pkg/util/winutil",
    "pkg/version",
  ]
  pruneopts = ""
  revision = "f454c60bc16f68ddf4d7aa7c5b3f791d3575abae"

[[projects]]
  digest = "1:d984c7277ce5ed87068dda12f277712a59ad2a0b34889c04c1c9af3cedf943f6"
  name = "github.com/DataDog/datadog-go"
  packages = ["statsd"]
  pruneopts = ""
  revision = "009ba0aea8e47ded9033b94645987ff419cba86b"
  version = "v3.5.0"

[[projects]]
  digest = "1:fff5b60b1fab35a9ce74c7e5b951e17455389a7bd3d0c0ca6e8151385836a1fc"
  name = "github.com/DataDog/viper"
  packages = ["."]
  pruneopts = ""
  revision = "fa4e03eaf5c9edeea64e1ad8a85815bf5f47baec"
  version = "v1.7.1"

[[projects]]
  digest = "1:6146fda730c18186631e91e818d995e759e7cbe27644d6871ccd469f6865c686"
  name = "github.com/StackExchange/wmi"
  packages = ["."]
  pruneopts = ""
  revision = "cbe66965904dbe8a6cd589e2298e5d8b986bd7dd"
  version = "1.1.0"

[[projects]]
  digest = "1:9897221091d9b3ca7d1a8d350bd8ce709118b5134d68f6315b2010736d3e9378"
  name = "github.com/cihub/seelog"
  packages = ["."]
  pruneopts = ""
  revision = "d2c6e5aa9fbfdd1c624e140287063c7730654115"
  version = "v2.6"

[[projects]]
  digest = "1:0deddd908b6b4b768cfc272c16ee61e7088a60f7fe2f06c547bd3d8e1f8b8e77"
  name = "github.com/davecgh/go-spew"
  packages = ["spew"]
  pruneopts = ""
  revision = "8991bc29aa16c548c550c7ff78260e27b9ab7c73"
  version = "v1.1.1"

[[projects]]
  digest = "1:e47ef65c4d3a37884ab29fb4b5c31e826c8fba04caf81da45607d3fba022f7d7"
  name = "github.com/fsnotify/fsnotify"
  packages = ["."]
  pruneopts = ""
  revision = "45d7d09e39ef4ac08d493309fa031790c15bfe8a"
  version = "v1.4.9"

[[projects]]
  digest = "1:b6581f9180e0f2d5549280d71819ab951db9d511478c87daca95669589d505c0"
  name = "github.com/go-ole/go-ole"
  packages = [
    ".",
    "oleutil",
  ]
  pruneopts = ""
  revision = "97b6244175ae18ea6eef668034fd6565847501c9"
  version = "v1.2.4"

[[projects]]
  digest = "1:0a3f6a0c68ab8f3d455f8892295503b179e571b7fefe47cc6c556405d1f83411"
  name = "github.com/gogo/protobuf"
  packages = [
    "gogoproto",
    "proto",
    "protoc-gen-gogo/descriptor",
  ]
  pruneopts = ""
  revision = "1adfc126b41513cc696b209667c8656ea7aac67c"
  version = "v1.0.0"

[[projects]]
  digest = "1:d14365c51dd1d34d5c79833ec91413bfbb166be978724f15701e17080dc06dec"
  name = "github.com/hashicorp/hcl"
  packages = [
    ".",
    "hcl/ast",
    "hcl/parser",
    "hcl/printer",
    "hcl/scanner",
    "hcl/strconv",
    "hcl/token",
    "json/parser",
    "json/scanner",
    "json/token",
  ]
  pruneopts = ""
  revision = "8cb6e5b959231cc1119e43259c4a608f9c51a241"
  version = "v1.0.0"

[[projects]]
  digest = "1:2c5ad58492804c40bdaf5d92039b0cde8b5becd2b7feeb37d7d1cc36a8aa8dbe"
  name = "github.com/kardianos/osext"
  packages = ["."]
  pruneopts = ""
  revision = "ae77be60afb1dcacde03767a8c37337fad28ac14"

[[projects]]
  digest = "1:ae39921edb7f801f7ce1b6b5484f9715a1dd2b52cb645daef095cd10fd6ee774"
  name = "github.com/magiconair/properties"
  packages = ["."]
  pruneopts = ""
  revision = "de8848e004dd33dc07a2947b3d76f618a7fc7ef1"
  version = "v1.8.1"

[[projects]]
  digest = "1:86f67b49e58b1a5b175f73eab2f91299080fd5bb10ee39d9c6373f4f5cdf238f"
  name = "github.com/mitchellh/mapstructure"
  packages = ["."]
  pruneopts = ""
  revision = "694aaefbc689be1915c2ef39e880409057931a94"
  version = "v1.2.2"

[[projects]]
  digest = "1:dbd3b76878498e6720d4f3c801e165f2982d6b4889d54e8d0ff5ea5173149874"
  name = "github.com/pelletier/go-toml"
  packages = ["."]
  pruneopts = ""
  revision = "8e8d2a6aad23fcaa64716c5fa6975ec3abbf8281"
  version = "v1.7.0"

[[projects]]
  digest = "1:210286d0cb60ffe28f1ca00b664029e8943009f95d06d8f8c336301b28e1aee5"
  name = "github.com/philhofer/fwd"
  packages = ["."]
  pruneopts = ""
  revision = "bb6d471dc95d4fe11e432687f8b70ff496cf3136"
  version = "v1.0.0"

[[projects]]
  digest = "1:256484dbbcd271f9ecebc6795b2df8cad4c458dd0f5fd82a8c2fa0c29f233411"
  name = "github.com/pmezard/go-difflib"
  packages = ["difflib"]
  pruneopts = ""
  revision = "792786c7400a136282c1664665ae0a8db921c6c2"
  version = "v1.0.0"

[[projects]]
  digest = "1:e24784c1fff6d3af155d1c0ac79f2f84bb58217f70a390d4d3341f4a8d7d2c0c"
  name = "github.com/shirou/gopsutil"
  packages = [
    "cpu",
    "internal/common",
    "mem",
    "net",
    "process",
  ]
  pruneopts = ""
  revision = "53cec6b37e6a2fa787e771c706f7c1fd67ec40f1"
  version = "v2.20.3"

[[projects]]
  digest = "1:956f655c87b7255c6b1ae6c203ebb0af98cf2a13ef2507e34c9bf1c0332ac0f5"
  name = "github.com/spf13/afero"
  packages = [
    ".",
    "mem",
  ]
  pruneopts = ""
  revision = "588a75ec4f32903aa5e39a2619ba6a4631e28424"
  version = "v1.2.2"

[[projects]]
  digest = "1:0a3d8f7dc17afdc30a5a5becb45fb91ff28aaa64645c69836ccd600d88e9ed9e"
  name = "github.com/spf13/cast"
  packages = ["."]
  pruneopts = ""
  revision = "1ffadf551085444af981432dd0f6d1160c11ec64"
  version = "v1.3.1"

[[projects]]
  digest = "1:cc15ae4fbdb02ce31f3392361a70ac041f4f02e0485de8ffac92bd8033e3d26e"
  name = "github.com/spf13/jwalterweatherman"
  packages = ["."]
  pruneopts = ""
  revision = "94f6ae3ed3bceceafa716478c5fbf8d29ca601a1"
  version = "v1.1.0"

[[projects]]
  digest = "1:688428eeb1ca80d92599eb3254bdf91b51d7e232fead3a73844c1f201a281e51"
  name = "github.com/spf13/pflag"
  packages = ["."]
  pruneopts = ""
  revision = "2e9d26c8c37aae03e3f9d4e90b7116f5accb7cab"
  version = "v1.0.5"

[[projects]]
  digest = "1:cc4eb6813da8d08694e557fcafae8fcc24f47f61a0717f952da130ca9a486dfc"
  name = "github.com/stretchr/testify"
  packages = ["assert"]
  pruneopts = ""
  revision = "3ebf1ddaeb260c4b1ae502a01c7844fa8c1fa0e9"
  version = "v1.5.1"

[[projects]]
  digest = "1:107d5aec621db4b12eaa86f0a80b7588edc8208b77c481161a23bacf7927c90d"
  name = "github.com/tinylib/msgp"
  packages = ["msgp"]
  pruneopts = ""
  revision = "4253cdaa5267687e3b7612da7ff105d4414174da"
  version = "v1.1.2"

[[projects]]
  branch = "master"
  digest = "1:b0666acfb577e0fbaf14991c057233481c8e7f08c09e7f0ea8f15160dcef7b76"
  name = "golang.org/x/mobile"
  packages = [
    "asset",
    "internal/mobileinit",
  ]
  pruneopts = ""
  revision = "4c31acba000778d337c0e4f32091cc923b3363d2"

[[projects]]
  branch = "master"
  digest = "1:bec9c788e5357887ac914cbdec8cf6f2962661a852b902734f0fc90bbc58b08e"
  name = "golang.org/x/sys"
  packages = [
    "unix",
    "windows",
    "windows/registry",
    "windows/svc/eventlog",
  ]
  pruneopts = ""
  revision = "669c56c373c468cbe0f0c12b7939832b26088d33"

[[projects]]
  digest = "1:740b51a55815493a8d0f2b1e0d0ae48fe48953bf7eaf3fcc4198823bf67768c0"
  name = "golang.org/x/text"
  packages = [
    "internal/gen",
    "internal/triegen",
    "internal/ucd",
    "transform",
    "unicode/cldr",
    "unicode/norm",
  ]
  pruneopts = ""
  revision = "342b2e1fbaa52c93f31447ad2c6abc048c63e475"
  version = "v0.3.2"

[[projects]]
  branch = "master"
  digest = "1:07018fe3fe743a7f5eefb2dd0b64eb2991c63cced8c299333378489675112f58"
  name = "golang.org/x/time"
  packages = ["rate"]
  pruneopts = ""
  revision = "89c76fbcd5d1cd4969e5d2fe19d48b19d5ad94a0"

[[projects]]
  digest = "1:2efc9662a6a1ff28c65c84fc2f9030f13d3afecdb2ecad445f3b0c80e75fc281"
  name = "gopkg.in/yaml.v2"
  packages = ["."]
  pruneopts = ""
  revision = "53403b58ad1b561927d19068c655246f2db79d48"
  version = "v2.2.8"

[solve-meta]
  analyzer-name = "dep"
  analyzer-version = 1
  input-imports = [
    "github.com/DataDog/datadog-agent/pkg/trace/event",
    "github.com/DataDog/datadog-agent/pkg/trace/obfuscate",
    "github.com/DataDog/datadog-agent/pkg/trace/pb",
    "github.com/DataDog/datadog-agent/pkg/trace/sampler",
    "github.com/DataDog/datadog-agent/pkg/trace/stats",
    "github.com/DataDog/datadog-agent/pkg/trace/traceutil",
    "github.com/davecgh/go-spew/spew",
    "github.com/gogo/protobuf/proto",
    "github.com/stretchr/testify/assert",
  ]
  solver-name = "gps-cdcl"
  solver-version = 1
