github.com/aws/aws-lambda-go v1.53.0 h1:uAMv6W/vCP/L494BAUSxe+8KVBIPK+SGPyapFt3FuMk=
github.com/aws/aws-lambda-go v1.53.0/go.mod h1:dpMpZgvWx5vuQJfBt0zqBha60q7Dd7RfgJv23DymV8A=
github.com/aws/aws-sdk-go-v2 v1.41.5 h1:dj5kopbwUsVUVFgO4Fi5BIT3t4WyqIDjGKCangnV/yY=
github.com/aws/aws-sdk-go-v2 v1.41.5/go.mod h1:mwsPRE8ceUUpiTgF7QmQIJ7lgsKUPQOUl3o72QBrE1o=
github.com/aws/aws-sdk-go-v2 v1.42.0 h1:XvXMJTkFQtpBKIWZnmr9ZEOc2InWM2yldjXEJ/bymhA=
github.com/aws/aws-sdk-go-v2 v1.42.0/go.mod h1:27+ACypSLljLAEKsCYOmrjKh83vuTRkuAe9Uv/3A4bg=
github.com/aws/aws-sdk-go-v2/aws/protocol/eventstream v1.7.8 h1:eBMB84YGghSocM7PsjmmPffTa+1FBUeNvGvFou6V/4o=
github.com/aws/aws-sdk-go-v2/aws/protocol/eventstream v1.7.8/go.mod h1:lyw7GFp3qENLh7kwzf7iMzAxDn+NzjXEAGjKS2UOKqI=
github.com/aws/aws-sdk-go-v2/aws/protocol/eventstream v1.7.13 h1:p1BBrg/Hhp6uK7zpejeI8QFXHJeC/mynzi04Sl03k9g=
github.com/aws/aws-sdk-go-v2/aws/protocol/eventstream v1.7.13/go.mod h1:8cIfkE9MDhkRZGpQ22aV6/lkYeYSozpz16Smrs5x4Ls=
github.com/aws/aws-sdk-go-v2/config v1.32.12 h1:O3csC7HUGn2895eNrLytOJQdoL2xyJy0iYXhoZ1OmP0=
github.com/aws/aws-sdk-go-v2/config v1.32.12/go.mod h1:96zTvoOFR4FURjI+/5wY1vc1ABceROO4lWgWJuxgy0g=
github.com/aws/aws-sdk-go-v2/credentials v1.19.12 h1:oqtA6v+y5fZg//tcTWahyN9PEn5eDU/Wpvc2+kJ4aY8=
github.com/aws/aws-sdk-go-v2/credentials v1.19.12/go.mod h1:U3R1RtSHx6NB0DvEQFGyf/0sbrpJrluENHdPy1j/3TE=
github.com/aws/aws-sdk-go-v2/feature/ec2/imds v1.18.20 h1:zOgq3uezl5nznfoK3ODuqbhVg1JzAGDUhXOsU0IDCAo=
github.com/aws/aws-sdk-go-v2/feature/ec2/imds v1.18.20/go.mod h1:z/MVwUARehy6GAg/yQ1GO2IMl0k++cu1ohP9zo887wE=
github.com/aws/aws-sdk-go-v2/internal/configsources v1.4.21 h1:Rgg6wvjjtX8bNHcvi9OnXWwcE0a2vGpbwmtICOsvcf4=
github.com/aws/aws-sdk-go-v2/internal/configsources v1.4.21/go.mod h1:A/kJFst/nm//cyqonihbdpQZwiUhhzpqTsdbhDdRF9c=
github.com/aws/aws-sdk-go-v2/internal/configsources v1.4.29 h1:f3vKqSo13fhTYb+JEcXwXefZQE26I1FB5eTSniU67ko=
github.com/aws/aws-sdk-go-v2/internal/configsources v1.4.29/go.mod h1:MzoLFUArKGpGD+ukmPiTPG1X5x4o6M2kq4v2dr1FiEc=
github.com/aws/aws-sdk-go-v2/internal/endpoints/v2 v2.7.21 h1:PEgGVtPoB6NTpPrBgqSE5hE/o47Ij9qk/SEZFbUOe9A=
github.com/aws/aws-sdk-go-v2/internal/endpoints/v2 v2.7.21/go.mod h1:p+hz+PRAYlY3zcpJhPwXlLC4C+kqn70WIHwnzAfs6ps=
github.com/aws/aws-sdk-go-v2/internal/endpoints/v2 v2.7.29 h1:RdwIf/CuUsvJX3RgJagbOyotl/cxoLY4xviKuE7p2GY=
github.com/aws/aws-sdk-go-v2/internal/endpoints/v2 v2.7.29/go.mod h1:71wt8W2EgswdZy9Mf9KNnzxZ3TiZlv4caKghPktDOkA=
github.com/aws/aws-sdk-go-v2/internal/ini v1.8.6 h1:qYQ4pzQ2Oz6WpQ8T3HvGHnZydA72MnLuFK9tJwmrbHw=
github.com/aws/aws-sdk-go-v2/internal/ini v1.8.6/go.mod h1:O3h0IK87yXci+kg6flUKzJnWeziQUKciKrLjcatSNcY=
github.com/aws/aws-sdk-go-v2/internal/v4a v1.4.22 h1:rWyie/PxDRIdhNf4DzRk0lvjVOqFJuNnO8WwaIRVxzQ=
github.com/aws/aws-sdk-go-v2/internal/v4a v1.4.22/go.mod h1:zd/JsJ4P7oGfUhXn1VyLqaRZwPmZwg44Jf2dS84Dm3Y=
github.com/aws/aws-sdk-go-v2/service/internal/accept-encoding v1.13.7 h1:5EniKhLZe4xzL7a+fU3C2tfUN4nWIqlLesfrjkuPFTY=
github.com/aws/aws-sdk-go-v2/service/internal/accept-encoding v1.13.7/go.mod h1:x0nZssQ3qZSnIcePWLvcoFisRXJzcTVvYpAAdYX8+GI=
github.com/aws/aws-sdk-go-v2/service/internal/checksum v1.9.13 h1:JRaIgADQS/U6uXDqlPiefP32yXTda7Kqfx+LgspooZM=
github.com/aws/aws-sdk-go-v2/service/internal/checksum v1.9.13/go.mod h1:CEuVn5WqOMilYl+tbccq8+N2ieCy0gVn3OtRb0vBNNM=
github.com/aws/aws-sdk-go-v2/service/internal/presigned-url v1.13.21 h1:c31//R3xgIJMSC8S6hEVq+38DcvUlgFY0FM6mSI5oto=
github.com/aws/aws-sdk-go-v2/service/internal/presigned-url v1.13.21/go.mod h1:r6+pf23ouCB718FUxaqzZdbpYFyDtehyZcmP5KL9FkA=
github.com/aws/aws-sdk-go-v2/service/internal/s3shared v1.19.21 h1:ZlvrNcHSFFWURB8avufQq9gFsheUgjVD9536obIknfM=
github.com/aws/aws-sdk-go-v2/service/internal/s3shared v1.19.21/go.mod h1:cv3TNhVrssKR0O/xxLJVRfd2oazSnZnkUeTf6ctUwfQ=
github.com/aws/aws-sdk-go-v2/service/kms v1.50.4 h1:PgD1y0ZagPokGIZPmejCBUySBzOFDN+leZxCOfb1OEQ=
github.com/aws/aws-sdk-go-v2/service/kms v1.50.4/go.mod h1:FfXDb5nXrsoGgxsBFxwxr3vdHXheC2tV+6lmuLghhjQ=
github.com/aws/aws-sdk-go-v2/service/lambda v1.94.0 h1:q3Hgw/pGOnM3wz7PsvoDrt+tAJHVsioBeqIF4zrPXjQ=
github.com/aws/aws-sdk-go-v2/service/lambda v1.94.0/go.mod h1:3bF6WydfupDwCv8Q3g/Flt89341w/+NObn+KdQmLA60=
github.com/aws/aws-sdk-go-v2/service/s3 v1.99.0 h1:hlSuz394kV0vhv9drL5lhuEFbEOEP1VyQpy15qWh1Pk=
github.com/aws/aws-sdk-go-v2/service/s3 v1.99.0/go.mod h1:uoA43SdFwacedBfSgfFSjjCvYe8aYBS7EnU5GZ/YKMM=
github.com/aws/aws-sdk-go-v2/service/secretsmanager v1.41.4 h1:9aZbO86sraeCIHHCpZhxwN9tnVy9POkSKzi4/TpT54A=
github.com/aws/aws-sdk-go-v2/service/secretsmanager v1.41.4/go.mod h1:cxiXDhEzIq7Xx1BtmC4lGBK3SwAZ79+EUWiKawYHo14=
github.com/aws/aws-sdk-go-v2/service/signin v1.0.8 h1:0GFOLzEbOyZABS3PhYfBIx2rNBACYcKty+XGkTgw1ow=
github.com/aws/aws-sdk-go-v2/service/signin v1.0.8/go.mod h1:LXypKvk85AROkKhOG6/YEcHFPoX+prKTowKnVdcaIxE=
github.com/aws/aws-sdk-go-v2/service/sqs v1.44.0 h1:6DQ95Zq5xPUSYm6KWcrar7zvreqAMFmyynYCcmzv6yc=
github.com/aws/aws-sdk-go-v2/service/sqs v1.44.0/go.mod h1:d7eKytKiwDFJeNAP4VWo47VCiNM9z539tkoCGJ6PjXw=
github.com/aws/aws-sdk-go-v2/service/ssm v1.68.4 h1:5Wg8AAAnIWM2LE/0KFGqllZff96bm4dBs+uerYFfReE=
github.com/aws/aws-sdk-go-v2/service/ssm v1.68.4/go.mod h1:nph0ypDLWm9D9iA9zOX39W/N+A4GqwzlxA13jzXVD4k=
github.com/aws/aws-sdk-go-v2/service/sso v1.30.13 h1:kiIDLZ005EcKomYYITtfsjn7dtOwHDOFy7IbPXKek2o=
github.com/aws/aws-sdk-go-v2/service/sso v1.30.13/go.mod h1:2h/xGEowcW/g38g06g3KpRWDlT+OTfxxI0o1KqayAB8=
github.com/aws/aws-sdk-go-v2/service/ssooidc v1.35.17 h1:jzKAXIlhZhJbnYwHbvUQZEB8KfgAEuG0dc08Bkda7NU=
github.com/aws/aws-sdk-go-v2/service/ssooidc v1.35.17/go.mod h1:Al9fFsXjv4KfbzQHGe6V4NZSZQXecFcvaIF4e70FoRA=
github.com/aws/aws-sdk-go-v2/service/sts v1.41.9 h1:Cng+OOwCHmFljXIxpEVXAGMnBia8MSU6Ch5i9PgBkcU=
github.com/aws/aws-sdk-go-v2/service/sts v1.41.9/go.mod h1:LrlIndBDdjA/EeXeyNBle+gyCwTlizzW5ycgWnvIxkk=
github.com/aws/smithy-go v1.24.2 h1:FzA3bu/nt/vDvmnkg+R8Xl46gmzEDam6mZ1hzmwXFng=
github.com/aws/smithy-go v1.24.2/go.mod h1:YE2RhdIuDbA5E5bTdciG9KrW3+TiEONeUWCqxX9i1Fc=
github.com/aws/smithy-go v1.27.1 h1:4T340VFndXtADGF52gYa1POyL7s9E4Z1OeZ1hCscIw8=
github.com/aws/smithy-go v1.27.1/go.mod h1:YE2RhdIuDbA5E5bTdciG9KrW3+TiEONeUWCqxX9i1Fc=
github.com/davecgh/go-spew v1.1.1 h1:vj9j/u1bqnvCEfJOwUhtlOARqs3+rkHYY13jYWTU97c=
github.com/davecgh/go-spew v1.1.1/go.mod h1:J7Y8YcW2NihsgmVo/mv3lAwl/skON4iLHjSsI+c5H38=
github.com/google/go-cmdtest v0.4.1-0.20220921163831-55ab3332a786 h1:rcv+Ippz6RAtvaGgKxc+8FQIpxHgsF+HBzPyYL2cyVU=
github.com/google/go-cmdtest v0.4.1-0.20220921163831-55ab3332a786/go.mod h1:apVn/GCasLZUVpAJ6oWAuyP7Ne7CEsQbTnc0plM3m+o=
github.com/google/go-cmp v0.7.0 h1:wk8382ETsv4JYUZwIsn6YpYiWiBsYLSJiTsyBybVuN8=
github.com/google/go-cmp v0.7.0/go.mod h1:pXiqmnSA92OHEEa9HXL2W4E7lf9JzCmGVUdgjX3N/iU=
github.com/google/renameio v0.1.0 h1:GOZbcHa3HfsPKPlmyPyN2KEohoMXOhdMbHrvbpl2QaA=
github.com/google/renameio v0.1.0/go.mod h1:KWCgfxg9yswjAJkECMjeO8J8rahYeXnNhOm40UhjYkI=
github.com/pmezard/go-difflib v1.0.0 h1:4DBwDE0NGyQoBHbLQYPwSUPoCMWR5BEzIk/f1lZbAQM=
github.com/pmezard/go-difflib v1.0.0/go.mod h1:iKH77koFhYxTK1pcRnkKkqfTogsbg7gZNVY4sRDYZ/4=
github.com/stretchr/testify v1.11.1 h1:7s2iGBzp5EwR7/aIZr8ao5+dra3wiQyKjjFuvgVKu7U=
github.com/stretchr/testify v1.11.1/go.mod h1:wZwfW3scLgRK+23gO65QZefKpKQRnfz6sD981Nm4B6U=
go.uber.org/mock v0.6.0 h1:hyF9dfmbgIX5EfOdasqLsWD6xqpNZlXblLB/Dbnwv3Y=
go.uber.org/mock v0.6.0/go.mod h1:KiVJ4BqZJaMj4svdfmHM0AUx4NJYO8ZNpPnZn1Z+BBU=
golang.org/x/mod v0.34.0 h1:xIHgNUUnW6sYkcM5Jleh05DvLOtwc6RitGHbDk4akRI=
golang.org/x/mod v0.34.0/go.mod h1:ykgH52iCZe79kzLLMhyCUzhMci+nQj+0XkbXpNYtVjY=
golang.org/x/sync v0.20.0 h1:e0PTpb7pjO8GAtTs2dQ6jYa5BWYlMuX047Dco/pItO4=
golang.org/x/sync v0.20.0/go.mod h1:9xrNwdLfx4jkKbNva9FpL6vEN7evnE43NNNJQ2LF3+0=
golang.org/x/sys v0.42.0 h1:omrd2nAlyT5ESRdCLYdm3+fMfNFE/+Rf4bDIQImRJeo=
golang.org/x/sys v0.42.0/go.mod h1:4GL1E5IUh+htKOUEOaiffhrAeqysfVGipDYzABqnCmw=
golang.org/x/telemetry v0.0.0-20260311193753-579e4da9a98c h1:6a8FdnNk6bTXBjR4AGKFgUKuo+7GnR3FX5L7CbveeZc=
golang.org/x/telemetry v0.0.0-20260311193753-579e4da9a98c/go.mod h1:TpUTTEp9frx7rTdLpC9gFG9kdI7zVLFTFFlqaH2Cncw=
golang.org/x/tools v0.43.0 h1:12BdW9CeB3Z+J/I/wj34VMl8X+fEXBxVR90JeMX5E7s=
golang.org/x/tools v0.43.0/go.mod h1:uHkMso649BX2cZK6+RpuIPXS3ho2hZo4FVwfoy1vIk0=
golang.org/x/tools/go/expect v0.1.0-deprecated h1:jY2C5HGYR5lqex3gEniOQL0r7Dq5+VGVgY1nudX5lXY=
golang.org/x/tools/go/expect v0.1.0-deprecated/go.mod h1:eihoPOH+FgIqa3FpoTwguz/bVUSGBlGQU67vpBeOrBY=
golang.org/x/tools/go/packages/packagestest v0.1.1-deprecated h1:1h2MnaIAIXISqTFKdENegdpAgUXz6NrPEsbIeWaBRvM=
golang.org/x/tools/go/packages/packagestest v0.1.1-deprecated/go.mod h1:RVAQXBGNv1ib0J382/DPCRS/BPnsGebyM1Gj5VSDpG8=
golang.org/x/vuln v1.1.4 h1:Ju8QsuyhX3Hk8ma3CesTbO8vfJD9EvUBgHvkxHBzj0I=
golang.org/x/vuln v1.1.4/go.mod h1:F+45wmU18ym/ca5PLTPLsSzr2KppzswxPP603ldA67s=
gopkg.in/check.v1 v0.0.0-20161208181325-20d25e280405 h1:yhCVgyC4o1eVCa2tZl7eS0r+SDo693bJlVdllGtEeKM=
gopkg.in/check.v1 v0.0.0-20161208181325-20d25e280405/go.mod h1:Co6ibVJAznAaIkqp8huTwlJQCZ016jof/cbN4VW5Yz0=
gopkg.in/yaml.v3 v3.0.1 h1:fxVm/GzAzEWqLHuvctI91KS9hhNmmWOoWu0XTYJS7CA=
gopkg.in/yaml.v3 v3.0.1/go.mod h1:K4uyk7z7BCEPqu6E+C64Yfv1cQ7kz7rIZviUmN+EgEM=
